
Microsoft Visual Studio Solution File, Format Version 12.00
# Visual Studio Version 17
VisualStudioVersion = 17.13.35931.197
MinimumVisualStudioVersion = 10.0.40219.1
Project("{FAE04EC0-301F-11D3-BF4B-00C04F79EFBC}") = "BlazorDemo", "BlazorDemo\BlazorDemo.csproj", "{CABFFB67-FEAD-427B-A51B-FDE4E8630163}"
EndProject
Global
	GlobalSection(SolutionConfigurationPlatforms) = preSolution
		Debug|Any CPU = Debug|Any CPU
		Release|Any CPU = Release|Any CPU
	EndGlobalSection
	GlobalSection(ProjectConfigurationPlatforms) = postSolution
		{CABFFB67-FEAD-427B-A51B-FDE4E8630163}.Debug|Any CPU.ActiveCfg = Debug|Any CPU
		{CABFFB67-FEAD-427B-A51B-FDE4E8630163}.Debug|Any CPU.Build.0 = Debug|Any CPU
		{CABFFB67-FEAD-427B-A51B-FDE4E8630163}.Release|Any CPU.ActiveCfg = Release|Any CPU
		{CABFFB67-FEAD-427B-A51B-FDE4E8630163}.Release|Any CPU.Build.0 = Release|Any CPU
	EndGlobalSection
	GlobalSection(SolutionProperties) = preSolution
		HideSolutionNode = FALSE
	EndGlobalSection
	GlobalSection(ExtensibilityGlobals) = postSolution
		SolutionGuid = {EC092326-D904-41AB-980C-2B6485AE01EE}
	EndGlobalSection
EndGlobal
