
Microsoft Visual Studio Solution File, Format Version 12.00
# Visual Studio Version 17
VisualStudioVersion = 17.13.35931.197
MinimumVisualStudioVersion = 10.0.40219.1
Project("{FAE04EC0-301F-11D3-BF4B-00C04F79EFBC}") = "BlazorForum", "BlazorForum\BlazorForum.csproj", "{D2D2666D-9EF8-493F-B3AB-68208152C298}"
EndProject
Global
	GlobalSection(SolutionConfigurationPlatforms) = preSolution
		Debug|Any CPU = Debug|Any CPU
		Release|Any CPU = Release|Any CPU
	EndGlobalSection
	GlobalSection(ProjectConfigurationPlatforms) = postSolution
		{D2D2666D-9EF8-493F-B3AB-68208152C298}.Debug|Any CPU.ActiveCfg = Debug|Any CPU
		{D2D2666D-9EF8-493F-B3AB-68208152C298}.Debug|Any CPU.Build.0 = Debug|Any CPU
		{D2D2666D-9EF8-493F-B3AB-68208152C298}.Release|Any CPU.ActiveCfg = Release|Any CPU
		{D2D2666D-9EF8-493F-B3AB-68208152C298}.Release|Any CPU.Build.0 = Release|Any CPU
	EndGlobalSection
	GlobalSection(SolutionProperties) = preSolution
		HideSolutionNode = FALSE
	EndGlobalSection
	GlobalSection(ExtensibilityGlobals) = postSolution
		SolutionGuid = {85AD4AA7-26E2-4526-A28D-C224ED80D59A}
	EndGlobalSection
EndGlobal
